
Microsoft Visual Studio Solution File, Format Version 12.00
# Visual Studio Version 17
VisualStudioVersion = 17.0.31912.275
MinimumVisualStudioVersion = 10.0.40219.1
Project("{9A19103F-16F7-4668-BE54-9A1E7A4F7556}") = "SmartImage", "SmartImage\SmartImage.csproj", "{51B1D8B9-E79F-416E-9FD6-55DFB8A5CAF0}"
EndProject
Project("{9A19103F-16F7-4668-BE54-9A1E7A4F7556}") = "SmartImage.Lib", "SmartImage.Lib\SmartImage.Lib.csproj", "{AD7595AB-6759-4688-96D1-667D26114CAB}"
EndProject
Project("{9A19103F-16F7-4668-BE54-9A1E7A4F7556}") = "SmartImage.Lib Test", "Test\SmartImage.Lib Test.csproj", "{244F57D9-F021-4F47-9844-45F26CA9378D}"
EndProject
Project("{9A19103F-16F7-4668-BE54-9A1E7A4F7556}") = "SmartImage.Lib Unit Test", "UnitTest\SmartImage.Lib Unit Test.csproj", "{0318489D-8B5C-4B0E-90F8-AB6CDEC16AD7}"
EndProject
Project("{9A19103F-16F7-4668-BE54-9A1E7A4F7556}") = "SmartImage.Cli", "SmartImage.Cli\SmartImage.Cli.csproj", "{FCD8DFE7-F5A0-406C-BB3F-4F5C16C02833}"
EndProject
Project("{FAE04EC0-301F-11D3-BF4B-00C04F79EFBC}") = "SmartImage 3", "SmartImage 3\SmartImage 3.csproj", "{774F6AB7-BAFC-4F8A-BF14-BEA84475C4C5}"
EndProject
Global
	GlobalSection(SolutionConfigurationPlatforms) = preSolution
		Debug|Any CPU = Debug|Any CPU
		Debug|x64 = Debug|x64
		Debug|x86 = Debug|x86
		Release|Any CPU = Release|Any CPU
		Release|x64 = Release|x64
		Release|x86 = Release|x86
		Test|Any CPU = Test|Any CPU
		Test|x64 = Test|x64
		Test|x86 = Test|x86
	EndGlobalSection
	GlobalSection(ProjectConfigurationPlatforms) = postSolution
		{51B1D8B9-E79F-416E-9FD6-55DFB8A5CAF0}.Debug|Any CPU.ActiveCfg = Debug|Any CPU
		{51B1D8B9-E79F-416E-9FD6-55DFB8A5CAF0}.Debug|Any CPU.Build.0 = Debug|Any CPU
		{51B1D8B9-E79F-416E-9FD6-55DFB8A5CAF0}.Debug|x64.ActiveCfg = Debug|Any CPU
		{51B1D8B9-E79F-416E-9FD6-55DFB8A5CAF0}.Debug|x64.Build.0 = Debug|Any CPU
		{51B1D8B9-E79F-416E-9FD6-55DFB8A5CAF0}.Debug|x86.ActiveCfg = Debug|Any CPU
		{51B1D8B9-E79F-416E-9FD6-55DFB8A5CAF0}.Debug|x86.Build.0 = Debug|Any CPU
		{51B1D8B9-E79F-416E-9FD6-55DFB8A5CAF0}.Release|Any CPU.ActiveCfg = Release|Any CPU
		{51B1D8B9-E79F-416E-9FD6-55DFB8A5CAF0}.Release|Any CPU.Build.0 = Release|Any CPU
		{51B1D8B9-E79F-416E-9FD6-55DFB8A5CAF0}.Release|x64.ActiveCfg = Release|Any CPU
		{51B1D8B9-E79F-416E-9FD6-55DFB8A5CAF0}.Release|x64.Build.0 = Release|Any CPU
		{51B1D8B9-E79F-416E-9FD6-55DFB8A5CAF0}.Release|x86.ActiveCfg = Release|Any CPU
		{51B1D8B9-E79F-416E-9FD6-55DFB8A5CAF0}.Release|x86.Build.0 = Release|Any CPU
		{51B1D8B9-E79F-416E-9FD6-55DFB8A5CAF0}.Test|Any CPU.ActiveCfg = Test|Any CPU
		{51B1D8B9-E79F-416E-9FD6-55DFB8A5CAF0}.Test|Any CPU.Build.0 = Test|Any CPU
		{51B1D8B9-E79F-416E-9FD6-55DFB8A5CAF0}.Test|x64.ActiveCfg = Test|Any CPU
		{51B1D8B9-E79F-416E-9FD6-55DFB8A5CAF0}.Test|x64.Build.0 = Test|Any CPU
		{51B1D8B9-E79F-416E-9FD6-55DFB8A5CAF0}.Test|x86.ActiveCfg = Test|Any CPU
		{51B1D8B9-E79F-416E-9FD6-55DFB8A5CAF0}.Test|x86.Build.0 = Test|Any CPU
		{AD7595AB-6759-4688-96D1-667D26114CAB}.Debug|Any CPU.ActiveCfg = Debug|Any CPU
		{AD7595AB-6759-4688-96D1-667D26114CAB}.Debug|Any CPU.Build.0 = Debug|Any CPU
		{AD7595AB-6759-4688-96D1-667D26114CAB}.Debug|x64.ActiveCfg = Debug|Any CPU
		{AD7595AB-6759-4688-96D1-667D26114CAB}.Debug|x64.Build.0 = Debug|Any CPU
		{AD7595AB-6759-4688-96D1-667D26114CAB}.Debug|x86.ActiveCfg = Debug|Any CPU
		{AD7595AB-6759-4688-96D1-667D26114CAB}.Debug|x86.Build.0 = Debug|Any CPU
		{AD7595AB-6759-4688-96D1-667D26114CAB}.Release|Any CPU.ActiveCfg = Release|Any CPU
		{AD7595AB-6759-4688-96D1-667D26114CAB}.Release|Any CPU.Build.0 = Release|Any CPU
		{AD7595AB-6759-4688-96D1-667D26114CAB}.Release|x64.ActiveCfg = Release|Any CPU
		{AD7595AB-6759-4688-96D1-667D26114CAB}.Release|x64.Build.0 = Release|Any CPU
		{AD7595AB-6759-4688-96D1-667D26114CAB}.Release|x86.ActiveCfg = Release|Any CPU
		{AD7595AB-6759-4688-96D1-667D26114CAB}.Release|x86.Build.0 = Release|Any CPU
		{AD7595AB-6759-4688-96D1-667D26114CAB}.Test|Any CPU.ActiveCfg = Test|Any CPU
		{AD7595AB-6759-4688-96D1-667D26114CAB}.Test|Any CPU.Build.0 = Test|Any CPU
		{AD7595AB-6759-4688-96D1-667D26114CAB}.Test|x64.ActiveCfg = Test|Any CPU
		{AD7595AB-6759-4688-96D1-667D26114CAB}.Test|x64.Build.0 = Test|Any CPU
		{AD7595AB-6759-4688-96D1-667D26114CAB}.Test|x86.ActiveCfg = Test|Any CPU
		{AD7595AB-6759-4688-96D1-667D26114CAB}.Test|x86.Build.0 = Test|Any CPU
		{244F57D9-F021-4F47-9844-45F26CA9378D}.Debug|Any CPU.ActiveCfg = Debug|Any CPU
		{244F57D9-F021-4F47-9844-45F26CA9378D}.Debug|Any CPU.Build.0 = Debug|Any CPU
		{244F57D9-F021-4F47-9844-45F26CA9378D}.Debug|x64.ActiveCfg = Debug|Any CPU
		{244F57D9-F021-4F47-9844-45F26CA9378D}.Debug|x64.Build.0 = Debug|Any CPU
		{244F57D9-F021-4F47-9844-45F26CA9378D}.Debug|x86.ActiveCfg = Debug|Any CPU
		{244F57D9-F021-4F47-9844-45F26CA9378D}.Debug|x86.Build.0 = Debug|Any CPU
		{244F57D9-F021-4F47-9844-45F26CA9378D}.Release|Any CPU.ActiveCfg = Release|Any CPU
		{244F57D9-F021-4F47-9844-45F26CA9378D}.Release|Any CPU.Build.0 = Release|Any CPU
		{244F57D9-F021-4F47-9844-45F26CA9378D}.Release|x64.ActiveCfg = Release|Any CPU
		{244F57D9-F021-4F47-9844-45F26CA9378D}.Release|x64.Build.0 = Release|Any CPU
		{244F57D9-F021-4F47-9844-45F26CA9378D}.Release|x86.ActiveCfg = Release|Any CPU
		{244F57D9-F021-4F47-9844-45F26CA9378D}.Release|x86.Build.0 = Release|Any CPU
		{244F57D9-F021-4F47-9844-45F26CA9378D}.Test|Any CPU.ActiveCfg = Test|Any CPU
		{244F57D9-F021-4F47-9844-45F26CA9378D}.Test|Any CPU.Build.0 = Test|Any CPU
		{244F57D9-F021-4F47-9844-45F26CA9378D}.Test|x64.ActiveCfg = Test|Any CPU
		{244F57D9-F021-4F47-9844-45F26CA9378D}.Test|x64.Build.0 = Test|Any CPU
		{244F57D9-F021-4F47-9844-45F26CA9378D}.Test|x86.ActiveCfg = Test|Any CPU
		{244F57D9-F021-4F47-9844-45F26CA9378D}.Test|x86.Build.0 = Test|Any CPU
		{0318489D-8B5C-4B0E-90F8-AB6CDEC16AD7}.Debug|Any CPU.ActiveCfg = Debug|Any CPU
		{0318489D-8B5C-4B0E-90F8-AB6CDEC16AD7}.Debug|Any CPU.Build.0 = Debug|Any CPU
		{0318489D-8B5C-4B0E-90F8-AB6CDEC16AD7}.Debug|x64.ActiveCfg = Debug|Any CPU
		{0318489D-8B5C-4B0E-90F8-AB6CDEC16AD7}.Debug|x64.Build.0 = Debug|Any CPU
		{0318489D-8B5C-4B0E-90F8-AB6CDEC16AD7}.Debug|x86.ActiveCfg = Debug|Any CPU
		{0318489D-8B5C-4B0E-90F8-AB6CDEC16AD7}.Debug|x86.Build.0 = Debug|Any CPU
		{0318489D-8B5C-4B0E-90F8-AB6CDEC16AD7}.Release|Any CPU.ActiveCfg = Release|Any CPU
		{0318489D-8B5C-4B0E-90F8-AB6CDEC16AD7}.Release|Any CPU.Build.0 = Release|Any CPU
		{0318489D-8B5C-4B0E-90F8-AB6CDEC16AD7}.Release|x64.ActiveCfg = Release|Any CPU
		{0318489D-8B5C-4B0E-90F8-AB6CDEC16AD7}.Release|x64.Build.0 = Release|Any CPU
		{0318489D-8B5C-4B0E-90F8-AB6CDEC16AD7}.Release|x86.ActiveCfg = Release|Any CPU
		{0318489D-8B5C-4B0E-90F8-AB6CDEC16AD7}.Release|x86.Build.0 = Release|Any CPU
		{0318489D-8B5C-4B0E-90F8-AB6CDEC16AD7}.Test|Any CPU.ActiveCfg = Test|Any CPU
		{0318489D-8B5C-4B0E-90F8-AB6CDEC16AD7}.Test|Any CPU.Build.0 = Test|Any CPU
		{0318489D-8B5C-4B0E-90F8-AB6CDEC16AD7}.Test|x64.ActiveCfg = Test|Any CPU
		{0318489D-8B5C-4B0E-90F8-AB6CDEC16AD7}.Test|x64.Build.0 = Test|Any CPU
		{0318489D-8B5C-4B0E-90F8-AB6CDEC16AD7}.Test|x86.ActiveCfg = Test|Any CPU
		{0318489D-8B5C-4B0E-90F8-AB6CDEC16AD7}.Test|x86.Build.0 = Test|Any CPU
		{FCD8DFE7-F5A0-406C-BB3F-4F5C16C02833}.Debug|Any CPU.ActiveCfg = Debug|Any CPU
		{FCD8DFE7-F5A0-406C-BB3F-4F5C16C02833}.Debug|Any CPU.Build.0 = Debug|Any CPU
		{FCD8DFE7-F5A0-406C-BB3F-4F5C16C02833}.Debug|x64.ActiveCfg = Debug|Any CPU
		{FCD8DFE7-F5A0-406C-BB3F-4F5C16C02833}.Debug|x64.Build.0 = Debug|Any CPU
		{FCD8DFE7-F5A0-406C-BB3F-4F5C16C02833}.Debug|x86.ActiveCfg = Debug|Any CPU
		{FCD8DFE7-F5A0-406C-BB3F-4F5C16C02833}.Debug|x86.Build.0 = Debug|Any CPU
		{FCD8DFE7-F5A0-406C-BB3F-4F5C16C02833}.Release|Any CPU.ActiveCfg = Release|Any CPU
		{FCD8DFE7-F5A0-406C-BB3F-4F5C16C02833}.Release|Any CPU.Build.0 = Release|Any CPU
		{FCD8DFE7-F5A0-406C-BB3F-4F5C16C02833}.Release|x64.ActiveCfg = Release|Any CPU
		{FCD8DFE7-F5A0-406C-BB3F-4F5C16C02833}.Release|x64.Build.0 = Release|Any CPU
		{FCD8DFE7-F5A0-406C-BB3F-4F5C16C02833}.Release|x86.ActiveCfg = Release|Any CPU
		{FCD8DFE7-F5A0-406C-BB3F-4F5C16C02833}.Release|x86.Build.0 = Release|Any CPU
		{FCD8DFE7-F5A0-406C-BB3F-4F5C16C02833}.Test|Any CPU.ActiveCfg = Debug|Any CPU
		{FCD8DFE7-F5A0-406C-BB3F-4F5C16C02833}.Test|Any CPU.Build.0 = Debug|Any CPU
		{FCD8DFE7-F5A0-406C-BB3F-4F5C16C02833}.Test|x64.ActiveCfg = Debug|Any CPU
		{FCD8DFE7-F5A0-406C-BB3F-4F5C16C02833}.Test|x64.Build.0 = Debug|Any CPU
		{FCD8DFE7-F5A0-406C-BB3F-4F5C16C02833}.Test|x86.ActiveCfg = Debug|Any CPU
		{FCD8DFE7-F5A0-406C-BB3F-4F5C16C02833}.Test|x86.Build.0 = Debug|Any CPU
		{774F6AB7-BAFC-4F8A-BF14-BEA84475C4C5}.Debug|Any CPU.ActiveCfg = Debug|Any CPU
		{774F6AB7-BAFC-4F8A-BF14-BEA84475C4C5}.Debug|Any CPU.Build.0 = Debug|Any CPU
		{774F6AB7-BAFC-4F8A-BF14-BEA84475C4C5}.Debug|x64.ActiveCfg = Debug|Any CPU
		{774F6AB7-BAFC-4F8A-BF14-BEA84475C4C5}.Debug|x64.Build.0 = Debug|Any CPU
		{774F6AB7-BAFC-4F8A-BF14-BEA84475C4C5}.Debug|x86.ActiveCfg = Debug|Any CPU
		{774F6AB7-BAFC-4F8A-BF14-BEA84475C4C5}.Debug|x86.Build.0 = Debug|Any CPU
		{774F6AB7-BAFC-4F8A-BF14-BEA84475C4C5}.Release|Any CPU.ActiveCfg = Release|Any CPU
		{774F6AB7-BAFC-4F8A-BF14-BEA84475C4C5}.Release|Any CPU.Build.0 = Release|Any CPU
		{774F6AB7-BAFC-4F8A-BF14-BEA84475C4C5}.Release|x64.ActiveCfg = Release|Any CPU
		{774F6AB7-BAFC-4F8A-BF14-BEA84475C4C5}.Release|x64.Build.0 = Release|Any CPU
		{774F6AB7-BAFC-4F8A-BF14-BEA84475C4C5}.Release|x86.ActiveCfg = Release|Any CPU
		{774F6AB7-BAFC-4F8A-BF14-BEA84475C4C5}.Release|x86.Build.0 = Release|Any CPU
		{774F6AB7-BAFC-4F8A-BF14-BEA84475C4C5}.Test|Any CPU.ActiveCfg = Debug|Any CPU
		{774F6AB7-BAFC-4F8A-BF14-BEA84475C4C5}.Test|Any CPU.Build.0 = Debug|Any CPU
		{774F6AB7-BAFC-4F8A-BF14-BEA84475C4C5}.Test|x64.ActiveCfg = Debug|Any CPU
		{774F6AB7-BAFC-4F8A-BF14-BEA84475C4C5}.Test|x64.Build.0 = Debug|Any CPU
		{774F6AB7-BAFC-4F8A-BF14-BEA84475C4C5}.Test|x86.ActiveCfg = Debug|Any CPU
		{774F6AB7-BAFC-4F8A-BF14-BEA84475C4C5}.Test|x86.Build.0 = Debug|Any CPU
	EndGlobalSection
	GlobalSection(SolutionProperties) = preSolution
		HideSolutionNode = FALSE
	EndGlobalSection
	GlobalSection(ExtensibilityGlobals) = postSolution
		SolutionGuid = {DE4E765E-F0E1-40F9-B11E-522639F217CA}
	EndGlobalSection
EndGlobal
