
Microsoft Visual Studio Solution File, Format Version 12.00
# Visual Studio Version 17
VisualStudioVersion = 17.0.31912.275
MinimumVisualStudioVersion = 10.0.40219.1
Project("{9A19103F-16F7-4668-BE54-9A1E7A4F7556}") = "SmartImage", "SmartImage 3\SmartImage.csproj", "{774F6AB7-BAFC-4F8A-BF14-BEA84475C4C5}"
EndProject
Project("{9A19103F-16F7-4668-BE54-9A1E7A4F7556}") = "SmartImage.Lib", "SmartImage.Lib 3\SmartImage.Lib.csproj", "{2A615CCF-1493-4AA4-A514-83537D809740}"
EndProject
Project("{9A19103F-16F7-4668-BE54-9A1E7A4F7556}") = "SmartImage.Lib Unit Test", "SmartImage.Lib 3 Unit Test\SmartImage.Lib Unit Test.csproj", "{DF64BB87-01E6-4C15-B2DA-A004FD1387D0}"
EndProject
Project("{9A19103F-16F7-4668-BE54-9A1E7A4F7556}") = "Test", "Test\Test.csproj", "{C3235D7A-ACEC-4910-8EFE-6ACB670352BC}"
EndProject
Project("{D954291E-2A0B-460D-934E-DC6B0785DB48}") = "SmartImage.App.Shared", "SmartImage.App\SmartImage.App.Shared\SmartImage.App.Shared.shproj", "{6279C845-92F8-4333-AB99-3D213163593C}"
EndProject
Project("{2150E333-8FDC-42A3-9474-1A3956D46DE8}") = "Platforms", "Platforms", "{AFE945E7-67F5-424B-86F8-0F144B3E7907}"
EndProject
Project("{FAE04EC0-301F-11D3-BF4B-00C04F79EFBC}") = "SmartImage.App.Mobile", "SmartImage.App\SmartImage.App.Mobile\SmartImage.App.Mobile.csproj", "{D8AFEF17-7257-46A9-977C-89BFE412FA34}"
EndProject
Project("{FAE04EC0-301F-11D3-BF4B-00C04F79EFBC}") = "SmartImage.App.Windows", "SmartImage.App\SmartImage.App.Windows\SmartImage.App.Windows.csproj", "{72109028-3FC1-45B1-929C-035CD11FB1C8}"
EndProject
Project("{FAE04EC0-301F-11D3-BF4B-00C04F79EFBC}") = "SmartImage.UI", "SmartImage.UI\SmartImage.UI.csproj", "{61B417BC-1690-44F5-B52C-16A511D180B0}"
EndProject
Project("{FAE04EC0-301F-11D3-BF4B-00C04F79EFBC}") = "SmartImage.Linux", "SmartImage.Linux\SmartImage.Linux.csproj", "{AAE1CED0-FF74-4E38-99C1-2ECAE85566F1}"
EndProject
Global
	GlobalSection(SolutionConfigurationPlatforms) = preSolution
		Debug|Any CPU = Debug|Any CPU
		Debug|arm64 = Debug|arm64
		Debug|x64 = Debug|x64
		Debug|x86 = Debug|x86
		Release|Any CPU = Release|Any CPU
		Release|arm64 = Release|arm64
		Release|x64 = Release|x64
		Release|x86 = Release|x86
		Test|Any CPU = Test|Any CPU
		Test|arm64 = Test|arm64
		Test|x64 = Test|x64
		Test|x86 = Test|x86
	EndGlobalSection
	GlobalSection(ProjectConfigurationPlatforms) = postSolution
		{774F6AB7-BAFC-4F8A-BF14-BEA84475C4C5}.Debug|Any CPU.ActiveCfg = Debug|Any CPU
		{774F6AB7-BAFC-4F8A-BF14-BEA84475C4C5}.Debug|Any CPU.Build.0 = Debug|Any CPU
		{774F6AB7-BAFC-4F8A-BF14-BEA84475C4C5}.Debug|arm64.ActiveCfg = Debug|Any CPU
		{774F6AB7-BAFC-4F8A-BF14-BEA84475C4C5}.Debug|arm64.Build.0 = Debug|Any CPU
		{774F6AB7-BAFC-4F8A-BF14-BEA84475C4C5}.Debug|x64.ActiveCfg = Debug|Any CPU
		{774F6AB7-BAFC-4F8A-BF14-BEA84475C4C5}.Debug|x64.Build.0 = Debug|Any CPU
		{774F6AB7-BAFC-4F8A-BF14-BEA84475C4C5}.Debug|x86.ActiveCfg = Debug|Any CPU
		{774F6AB7-BAFC-4F8A-BF14-BEA84475C4C5}.Debug|x86.Build.0 = Debug|Any CPU
		{774F6AB7-BAFC-4F8A-BF14-BEA84475C4C5}.Release|Any CPU.ActiveCfg = Release|Any CPU
		{774F6AB7-BAFC-4F8A-BF14-BEA84475C4C5}.Release|Any CPU.Build.0 = Release|Any CPU
		{774F6AB7-BAFC-4F8A-BF14-BEA84475C4C5}.Release|arm64.ActiveCfg = Release|Any CPU
		{774F6AB7-BAFC-4F8A-BF14-BEA84475C4C5}.Release|arm64.Build.0 = Release|Any CPU
		{774F6AB7-BAFC-4F8A-BF14-BEA84475C4C5}.Release|x64.ActiveCfg = Release|Any CPU
		{774F6AB7-BAFC-4F8A-BF14-BEA84475C4C5}.Release|x64.Build.0 = Release|Any CPU
		{774F6AB7-BAFC-4F8A-BF14-BEA84475C4C5}.Release|x86.ActiveCfg = Release|Any CPU
		{774F6AB7-BAFC-4F8A-BF14-BEA84475C4C5}.Release|x86.Build.0 = Release|Any CPU
		{774F6AB7-BAFC-4F8A-BF14-BEA84475C4C5}.Test|Any CPU.ActiveCfg = Test|Any CPU
		{774F6AB7-BAFC-4F8A-BF14-BEA84475C4C5}.Test|Any CPU.Build.0 = Test|Any CPU
		{774F6AB7-BAFC-4F8A-BF14-BEA84475C4C5}.Test|arm64.ActiveCfg = Test|Any CPU
		{774F6AB7-BAFC-4F8A-BF14-BEA84475C4C5}.Test|arm64.Build.0 = Test|Any CPU
		{774F6AB7-BAFC-4F8A-BF14-BEA84475C4C5}.Test|x64.ActiveCfg = Debug|Any CPU
		{774F6AB7-BAFC-4F8A-BF14-BEA84475C4C5}.Test|x64.Build.0 = Debug|Any CPU
		{774F6AB7-BAFC-4F8A-BF14-BEA84475C4C5}.Test|x86.ActiveCfg = Debug|Any CPU
		{774F6AB7-BAFC-4F8A-BF14-BEA84475C4C5}.Test|x86.Build.0 = Debug|Any CPU
		{2A615CCF-1493-4AA4-A514-83537D809740}.Debug|Any CPU.ActiveCfg = Debug|Any CPU
		{2A615CCF-1493-4AA4-A514-83537D809740}.Debug|Any CPU.Build.0 = Debug|Any CPU
		{2A615CCF-1493-4AA4-A514-83537D809740}.Debug|arm64.ActiveCfg = Debug|Any CPU
		{2A615CCF-1493-4AA4-A514-83537D809740}.Debug|arm64.Build.0 = Debug|Any CPU
		{2A615CCF-1493-4AA4-A514-83537D809740}.Debug|x64.ActiveCfg = Debug|Any CPU
		{2A615CCF-1493-4AA4-A514-83537D809740}.Debug|x64.Build.0 = Debug|Any CPU
		{2A615CCF-1493-4AA4-A514-83537D809740}.Debug|x86.ActiveCfg = Debug|Any CPU
		{2A615CCF-1493-4AA4-A514-83537D809740}.Debug|x86.Build.0 = Debug|Any CPU
		{2A615CCF-1493-4AA4-A514-83537D809740}.Release|Any CPU.ActiveCfg = Release|Any CPU
		{2A615CCF-1493-4AA4-A514-83537D809740}.Release|Any CPU.Build.0 = Release|Any CPU
		{2A615CCF-1493-4AA4-A514-83537D809740}.Release|arm64.ActiveCfg = Release|Any CPU
		{2A615CCF-1493-4AA4-A514-83537D809740}.Release|arm64.Build.0 = Release|Any CPU
		{2A615CCF-1493-4AA4-A514-83537D809740}.Release|x64.ActiveCfg = Release|Any CPU
		{2A615CCF-1493-4AA4-A514-83537D809740}.Release|x64.Build.0 = Release|Any CPU
		{2A615CCF-1493-4AA4-A514-83537D809740}.Release|x86.ActiveCfg = Release|Any CPU
		{2A615CCF-1493-4AA4-A514-83537D809740}.Release|x86.Build.0 = Release|Any CPU
		{2A615CCF-1493-4AA4-A514-83537D809740}.Test|Any CPU.ActiveCfg = Test|Any CPU
		{2A615CCF-1493-4AA4-A514-83537D809740}.Test|Any CPU.Build.0 = Test|Any CPU
		{2A615CCF-1493-4AA4-A514-83537D809740}.Test|arm64.ActiveCfg = Test|Any CPU
		{2A615CCF-1493-4AA4-A514-83537D809740}.Test|arm64.Build.0 = Test|Any CPU
		{2A615CCF-1493-4AA4-A514-83537D809740}.Test|x64.ActiveCfg = Debug|Any CPU
		{2A615CCF-1493-4AA4-A514-83537D809740}.Test|x64.Build.0 = Debug|Any CPU
		{2A615CCF-1493-4AA4-A514-83537D809740}.Test|x86.ActiveCfg = Debug|Any CPU
		{2A615CCF-1493-4AA4-A514-83537D809740}.Test|x86.Build.0 = Debug|Any CPU
		{DF64BB87-01E6-4C15-B2DA-A004FD1387D0}.Debug|Any CPU.ActiveCfg = Debug|Any CPU
		{DF64BB87-01E6-4C15-B2DA-A004FD1387D0}.Debug|Any CPU.Build.0 = Debug|Any CPU
		{DF64BB87-01E6-4C15-B2DA-A004FD1387D0}.Debug|arm64.ActiveCfg = Debug|Any CPU
		{DF64BB87-01E6-4C15-B2DA-A004FD1387D0}.Debug|arm64.Build.0 = Debug|Any CPU
		{DF64BB87-01E6-4C15-B2DA-A004FD1387D0}.Debug|x64.ActiveCfg = Debug|Any CPU
		{DF64BB87-01E6-4C15-B2DA-A004FD1387D0}.Debug|x64.Build.0 = Debug|Any CPU
		{DF64BB87-01E6-4C15-B2DA-A004FD1387D0}.Debug|x86.ActiveCfg = Debug|Any CPU
		{DF64BB87-01E6-4C15-B2DA-A004FD1387D0}.Debug|x86.Build.0 = Debug|Any CPU
		{DF64BB87-01E6-4C15-B2DA-A004FD1387D0}.Release|Any CPU.ActiveCfg = Release|Any CPU
		{DF64BB87-01E6-4C15-B2DA-A004FD1387D0}.Release|Any CPU.Build.0 = Release|Any CPU
		{DF64BB87-01E6-4C15-B2DA-A004FD1387D0}.Release|arm64.ActiveCfg = Release|Any CPU
		{DF64BB87-01E6-4C15-B2DA-A004FD1387D0}.Release|arm64.Build.0 = Release|Any CPU
		{DF64BB87-01E6-4C15-B2DA-A004FD1387D0}.Release|x64.ActiveCfg = Release|Any CPU
		{DF64BB87-01E6-4C15-B2DA-A004FD1387D0}.Release|x64.Build.0 = Release|Any CPU
		{DF64BB87-01E6-4C15-B2DA-A004FD1387D0}.Release|x86.ActiveCfg = Release|Any CPU
		{DF64BB87-01E6-4C15-B2DA-A004FD1387D0}.Release|x86.Build.0 = Release|Any CPU
		{DF64BB87-01E6-4C15-B2DA-A004FD1387D0}.Test|Any CPU.ActiveCfg = Debug|Any CPU
		{DF64BB87-01E6-4C15-B2DA-A004FD1387D0}.Test|Any CPU.Build.0 = Debug|Any CPU
		{DF64BB87-01E6-4C15-B2DA-A004FD1387D0}.Test|arm64.ActiveCfg = Release|Any CPU
		{DF64BB87-01E6-4C15-B2DA-A004FD1387D0}.Test|arm64.Build.0 = Release|Any CPU
		{DF64BB87-01E6-4C15-B2DA-A004FD1387D0}.Test|x64.ActiveCfg = Debug|Any CPU
		{DF64BB87-01E6-4C15-B2DA-A004FD1387D0}.Test|x64.Build.0 = Debug|Any CPU
		{DF64BB87-01E6-4C15-B2DA-A004FD1387D0}.Test|x86.ActiveCfg = Debug|Any CPU
		{DF64BB87-01E6-4C15-B2DA-A004FD1387D0}.Test|x86.Build.0 = Debug|Any CPU
		{C3235D7A-ACEC-4910-8EFE-6ACB670352BC}.Debug|Any CPU.ActiveCfg = Debug|Any CPU
		{C3235D7A-ACEC-4910-8EFE-6ACB670352BC}.Debug|Any CPU.Build.0 = Debug|Any CPU
		{C3235D7A-ACEC-4910-8EFE-6ACB670352BC}.Debug|arm64.ActiveCfg = Debug|Any CPU
		{C3235D7A-ACEC-4910-8EFE-6ACB670352BC}.Debug|arm64.Build.0 = Debug|Any CPU
		{C3235D7A-ACEC-4910-8EFE-6ACB670352BC}.Debug|x64.ActiveCfg = Debug|Any CPU
		{C3235D7A-ACEC-4910-8EFE-6ACB670352BC}.Debug|x64.Build.0 = Debug|Any CPU
		{C3235D7A-ACEC-4910-8EFE-6ACB670352BC}.Debug|x86.ActiveCfg = Debug|Any CPU
		{C3235D7A-ACEC-4910-8EFE-6ACB670352BC}.Debug|x86.Build.0 = Debug|Any CPU
		{C3235D7A-ACEC-4910-8EFE-6ACB670352BC}.Release|Any CPU.ActiveCfg = Release|Any CPU
		{C3235D7A-ACEC-4910-8EFE-6ACB670352BC}.Release|Any CPU.Build.0 = Release|Any CPU
		{C3235D7A-ACEC-4910-8EFE-6ACB670352BC}.Release|arm64.ActiveCfg = Release|Any CPU
		{C3235D7A-ACEC-4910-8EFE-6ACB670352BC}.Release|arm64.Build.0 = Release|Any CPU
		{C3235D7A-ACEC-4910-8EFE-6ACB670352BC}.Release|x64.ActiveCfg = Release|Any CPU
		{C3235D7A-ACEC-4910-8EFE-6ACB670352BC}.Release|x64.Build.0 = Release|Any CPU
		{C3235D7A-ACEC-4910-8EFE-6ACB670352BC}.Release|x86.ActiveCfg = Release|Any CPU
		{C3235D7A-ACEC-4910-8EFE-6ACB670352BC}.Release|x86.Build.0 = Release|Any CPU
		{C3235D7A-ACEC-4910-8EFE-6ACB670352BC}.Test|Any CPU.ActiveCfg = Debug|Any CPU
		{C3235D7A-ACEC-4910-8EFE-6ACB670352BC}.Test|Any CPU.Build.0 = Debug|Any CPU
		{C3235D7A-ACEC-4910-8EFE-6ACB670352BC}.Test|arm64.ActiveCfg = Release|Any CPU
		{C3235D7A-ACEC-4910-8EFE-6ACB670352BC}.Test|arm64.Build.0 = Release|Any CPU
		{C3235D7A-ACEC-4910-8EFE-6ACB670352BC}.Test|x64.ActiveCfg = Debug|Any CPU
		{C3235D7A-ACEC-4910-8EFE-6ACB670352BC}.Test|x64.Build.0 = Debug|Any CPU
		{C3235D7A-ACEC-4910-8EFE-6ACB670352BC}.Test|x86.ActiveCfg = Debug|Any CPU
		{C3235D7A-ACEC-4910-8EFE-6ACB670352BC}.Test|x86.Build.0 = Debug|Any CPU
		{D8AFEF17-7257-46A9-977C-89BFE412FA34}.Debug|Any CPU.ActiveCfg = Debug|Any CPU
		{D8AFEF17-7257-46A9-977C-89BFE412FA34}.Debug|Any CPU.Build.0 = Debug|Any CPU
		{D8AFEF17-7257-46A9-977C-89BFE412FA34}.Debug|Any CPU.Deploy.0 = Debug|Any CPU
		{D8AFEF17-7257-46A9-977C-89BFE412FA34}.Debug|arm64.ActiveCfg = Debug|Any CPU
		{D8AFEF17-7257-46A9-977C-89BFE412FA34}.Debug|arm64.Build.0 = Debug|Any CPU
		{D8AFEF17-7257-46A9-977C-89BFE412FA34}.Debug|arm64.Deploy.0 = Debug|Any CPU
		{D8AFEF17-7257-46A9-977C-89BFE412FA34}.Debug|x64.ActiveCfg = Debug|Any CPU
		{D8AFEF17-7257-46A9-977C-89BFE412FA34}.Debug|x64.Build.0 = Debug|Any CPU
		{D8AFEF17-7257-46A9-977C-89BFE412FA34}.Debug|x64.Deploy.0 = Debug|Any CPU
		{D8AFEF17-7257-46A9-977C-89BFE412FA34}.Debug|x86.ActiveCfg = Debug|Any CPU
		{D8AFEF17-7257-46A9-977C-89BFE412FA34}.Debug|x86.Build.0 = Debug|Any CPU
		{D8AFEF17-7257-46A9-977C-89BFE412FA34}.Debug|x86.Deploy.0 = Debug|Any CPU
		{D8AFEF17-7257-46A9-977C-89BFE412FA34}.Release|Any CPU.ActiveCfg = Release|Any CPU
		{D8AFEF17-7257-46A9-977C-89BFE412FA34}.Release|Any CPU.Build.0 = Release|Any CPU
		{D8AFEF17-7257-46A9-977C-89BFE412FA34}.Release|Any CPU.Deploy.0 = Release|Any CPU
		{D8AFEF17-7257-46A9-977C-89BFE412FA34}.Release|arm64.ActiveCfg = Release|Any CPU
		{D8AFEF17-7257-46A9-977C-89BFE412FA34}.Release|arm64.Build.0 = Release|Any CPU
		{D8AFEF17-7257-46A9-977C-89BFE412FA34}.Release|arm64.Deploy.0 = Release|Any CPU
		{D8AFEF17-7257-46A9-977C-89BFE412FA34}.Release|x64.ActiveCfg = Release|Any CPU
		{D8AFEF17-7257-46A9-977C-89BFE412FA34}.Release|x64.Build.0 = Release|Any CPU
		{D8AFEF17-7257-46A9-977C-89BFE412FA34}.Release|x64.Deploy.0 = Release|Any CPU
		{D8AFEF17-7257-46A9-977C-89BFE412FA34}.Release|x86.ActiveCfg = Release|Any CPU
		{D8AFEF17-7257-46A9-977C-89BFE412FA34}.Release|x86.Build.0 = Release|Any CPU
		{D8AFEF17-7257-46A9-977C-89BFE412FA34}.Release|x86.Deploy.0 = Release|Any CPU
		{D8AFEF17-7257-46A9-977C-89BFE412FA34}.Test|Any CPU.ActiveCfg = Debug|Any CPU
		{D8AFEF17-7257-46A9-977C-89BFE412FA34}.Test|Any CPU.Build.0 = Debug|Any CPU
		{D8AFEF17-7257-46A9-977C-89BFE412FA34}.Test|Any CPU.Deploy.0 = Debug|Any CPU
		{D8AFEF17-7257-46A9-977C-89BFE412FA34}.Test|arm64.ActiveCfg = Debug|Any CPU
		{D8AFEF17-7257-46A9-977C-89BFE412FA34}.Test|arm64.Build.0 = Debug|Any CPU
		{D8AFEF17-7257-46A9-977C-89BFE412FA34}.Test|arm64.Deploy.0 = Debug|Any CPU
		{D8AFEF17-7257-46A9-977C-89BFE412FA34}.Test|x64.ActiveCfg = Debug|Any CPU
		{D8AFEF17-7257-46A9-977C-89BFE412FA34}.Test|x64.Build.0 = Debug|Any CPU
		{D8AFEF17-7257-46A9-977C-89BFE412FA34}.Test|x64.Deploy.0 = Debug|Any CPU
		{D8AFEF17-7257-46A9-977C-89BFE412FA34}.Test|x86.ActiveCfg = Debug|Any CPU
		{D8AFEF17-7257-46A9-977C-89BFE412FA34}.Test|x86.Build.0 = Debug|Any CPU
		{D8AFEF17-7257-46A9-977C-89BFE412FA34}.Test|x86.Deploy.0 = Debug|Any CPU
		{72109028-3FC1-45B1-929C-035CD11FB1C8}.Debug|Any CPU.ActiveCfg = Debug|x64
		{72109028-3FC1-45B1-929C-035CD11FB1C8}.Debug|Any CPU.Build.0 = Debug|x64
		{72109028-3FC1-45B1-929C-035CD11FB1C8}.Debug|Any CPU.Deploy.0 = Debug|x64
		{72109028-3FC1-45B1-929C-035CD11FB1C8}.Debug|arm64.ActiveCfg = Debug|arm64
		{72109028-3FC1-45B1-929C-035CD11FB1C8}.Debug|arm64.Build.0 = Debug|arm64
		{72109028-3FC1-45B1-929C-035CD11FB1C8}.Debug|arm64.Deploy.0 = Debug|arm64
		{72109028-3FC1-45B1-929C-035CD11FB1C8}.Debug|x64.ActiveCfg = Debug|x64
		{72109028-3FC1-45B1-929C-035CD11FB1C8}.Debug|x64.Build.0 = Debug|x64
		{72109028-3FC1-45B1-929C-035CD11FB1C8}.Debug|x64.Deploy.0 = Debug|x64
		{72109028-3FC1-45B1-929C-035CD11FB1C8}.Debug|x86.ActiveCfg = Debug|x86
		{72109028-3FC1-45B1-929C-035CD11FB1C8}.Debug|x86.Build.0 = Debug|x86
		{72109028-3FC1-45B1-929C-035CD11FB1C8}.Debug|x86.Deploy.0 = Debug|x86
		{72109028-3FC1-45B1-929C-035CD11FB1C8}.Release|Any CPU.ActiveCfg = Release|x64
		{72109028-3FC1-45B1-929C-035CD11FB1C8}.Release|Any CPU.Build.0 = Release|x64
		{72109028-3FC1-45B1-929C-035CD11FB1C8}.Release|Any CPU.Deploy.0 = Release|x64
		{72109028-3FC1-45B1-929C-035CD11FB1C8}.Release|arm64.ActiveCfg = Release|arm64
		{72109028-3FC1-45B1-929C-035CD11FB1C8}.Release|arm64.Build.0 = Release|arm64
		{72109028-3FC1-45B1-929C-035CD11FB1C8}.Release|arm64.Deploy.0 = Release|arm64
		{72109028-3FC1-45B1-929C-035CD11FB1C8}.Release|x64.ActiveCfg = Release|x64
		{72109028-3FC1-45B1-929C-035CD11FB1C8}.Release|x64.Build.0 = Release|x64
		{72109028-3FC1-45B1-929C-035CD11FB1C8}.Release|x64.Deploy.0 = Release|x64
		{72109028-3FC1-45B1-929C-035CD11FB1C8}.Release|x86.ActiveCfg = Release|x86
		{72109028-3FC1-45B1-929C-035CD11FB1C8}.Release|x86.Build.0 = Release|x86
		{72109028-3FC1-45B1-929C-035CD11FB1C8}.Release|x86.Deploy.0 = Release|x86
		{72109028-3FC1-45B1-929C-035CD11FB1C8}.Test|Any CPU.ActiveCfg = Debug|x64
		{72109028-3FC1-45B1-929C-035CD11FB1C8}.Test|Any CPU.Build.0 = Debug|x64
		{72109028-3FC1-45B1-929C-035CD11FB1C8}.Test|Any CPU.Deploy.0 = Debug|x64
		{72109028-3FC1-45B1-929C-035CD11FB1C8}.Test|arm64.ActiveCfg = Debug|arm64
		{72109028-3FC1-45B1-929C-035CD11FB1C8}.Test|arm64.Build.0 = Debug|arm64
		{72109028-3FC1-45B1-929C-035CD11FB1C8}.Test|arm64.Deploy.0 = Debug|arm64
		{72109028-3FC1-45B1-929C-035CD11FB1C8}.Test|x64.ActiveCfg = Debug|x64
		{72109028-3FC1-45B1-929C-035CD11FB1C8}.Test|x64.Build.0 = Debug|x64
		{72109028-3FC1-45B1-929C-035CD11FB1C8}.Test|x64.Deploy.0 = Debug|x64
		{72109028-3FC1-45B1-929C-035CD11FB1C8}.Test|x86.ActiveCfg = Debug|x86
		{72109028-3FC1-45B1-929C-035CD11FB1C8}.Test|x86.Build.0 = Debug|x86
		{72109028-3FC1-45B1-929C-035CD11FB1C8}.Test|x86.Deploy.0 = Debug|x86
		{61B417BC-1690-44F5-B52C-16A511D180B0}.Debug|Any CPU.ActiveCfg = Debug|Any CPU
		{61B417BC-1690-44F5-B52C-16A511D180B0}.Debug|Any CPU.Build.0 = Debug|Any CPU
		{61B417BC-1690-44F5-B52C-16A511D180B0}.Debug|arm64.ActiveCfg = Debug|Any CPU
		{61B417BC-1690-44F5-B52C-16A511D180B0}.Debug|arm64.Build.0 = Debug|Any CPU
		{61B417BC-1690-44F5-B52C-16A511D180B0}.Debug|x64.ActiveCfg = Debug|Any CPU
		{61B417BC-1690-44F5-B52C-16A511D180B0}.Debug|x64.Build.0 = Debug|Any CPU
		{61B417BC-1690-44F5-B52C-16A511D180B0}.Debug|x86.ActiveCfg = Debug|Any CPU
		{61B417BC-1690-44F5-B52C-16A511D180B0}.Debug|x86.Build.0 = Debug|Any CPU
		{61B417BC-1690-44F5-B52C-16A511D180B0}.Release|Any CPU.ActiveCfg = Release|Any CPU
		{61B417BC-1690-44F5-B52C-16A511D180B0}.Release|Any CPU.Build.0 = Release|Any CPU
		{61B417BC-1690-44F5-B52C-16A511D180B0}.Release|arm64.ActiveCfg = Release|Any CPU
		{61B417BC-1690-44F5-B52C-16A511D180B0}.Release|arm64.Build.0 = Release|Any CPU
		{61B417BC-1690-44F5-B52C-16A511D180B0}.Release|x64.ActiveCfg = Release|Any CPU
		{61B417BC-1690-44F5-B52C-16A511D180B0}.Release|x64.Build.0 = Release|Any CPU
		{61B417BC-1690-44F5-B52C-16A511D180B0}.Release|x86.ActiveCfg = Release|Any CPU
		{61B417BC-1690-44F5-B52C-16A511D180B0}.Release|x86.Build.0 = Release|Any CPU
		{61B417BC-1690-44F5-B52C-16A511D180B0}.Test|Any CPU.ActiveCfg = Debug|Any CPU
		{61B417BC-1690-44F5-B52C-16A511D180B0}.Test|Any CPU.Build.0 = Debug|Any CPU
		{61B417BC-1690-44F5-B52C-16A511D180B0}.Test|arm64.ActiveCfg = Debug|Any CPU
		{61B417BC-1690-44F5-B52C-16A511D180B0}.Test|arm64.Build.0 = Debug|Any CPU
		{61B417BC-1690-44F5-B52C-16A511D180B0}.Test|x64.ActiveCfg = Debug|Any CPU
		{61B417BC-1690-44F5-B52C-16A511D180B0}.Test|x64.Build.0 = Debug|Any CPU
		{61B417BC-1690-44F5-B52C-16A511D180B0}.Test|x86.ActiveCfg = Debug|Any CPU
		{61B417BC-1690-44F5-B52C-16A511D180B0}.Test|x86.Build.0 = Debug|Any CPU
		{AAE1CED0-FF74-4E38-99C1-2ECAE85566F1}.Debug|Any CPU.ActiveCfg = Debug|Any CPU
		{AAE1CED0-FF74-4E38-99C1-2ECAE85566F1}.Debug|Any CPU.Build.0 = Debug|Any CPU
		{AAE1CED0-FF74-4E38-99C1-2ECAE85566F1}.Debug|arm64.ActiveCfg = Debug|Any CPU
		{AAE1CED0-FF74-4E38-99C1-2ECAE85566F1}.Debug|arm64.Build.0 = Debug|Any CPU
		{AAE1CED0-FF74-4E38-99C1-2ECAE85566F1}.Debug|x64.ActiveCfg = Debug|Any CPU
		{AAE1CED0-FF74-4E38-99C1-2ECAE85566F1}.Debug|x64.Build.0 = Debug|Any CPU
		{AAE1CED0-FF74-4E38-99C1-2ECAE85566F1}.Debug|x86.ActiveCfg = Debug|Any CPU
		{AAE1CED0-FF74-4E38-99C1-2ECAE85566F1}.Debug|x86.Build.0 = Debug|Any CPU
		{AAE1CED0-FF74-4E38-99C1-2ECAE85566F1}.Release|Any CPU.ActiveCfg = Release|Any CPU
		{AAE1CED0-FF74-4E38-99C1-2ECAE85566F1}.Release|Any CPU.Build.0 = Release|Any CPU
		{AAE1CED0-FF74-4E38-99C1-2ECAE85566F1}.Release|arm64.ActiveCfg = Release|Any CPU
		{AAE1CED0-FF74-4E38-99C1-2ECAE85566F1}.Release|arm64.Build.0 = Release|Any CPU
		{AAE1CED0-FF74-4E38-99C1-2ECAE85566F1}.Release|x64.ActiveCfg = Release|Any CPU
		{AAE1CED0-FF74-4E38-99C1-2ECAE85566F1}.Release|x64.Build.0 = Release|Any CPU
		{AAE1CED0-FF74-4E38-99C1-2ECAE85566F1}.Release|x86.ActiveCfg = Release|Any CPU
		{AAE1CED0-FF74-4E38-99C1-2ECAE85566F1}.Release|x86.Build.0 = Release|Any CPU
		{AAE1CED0-FF74-4E38-99C1-2ECAE85566F1}.Test|Any CPU.ActiveCfg = Debug|Any CPU
		{AAE1CED0-FF74-4E38-99C1-2ECAE85566F1}.Test|Any CPU.Build.0 = Debug|Any CPU
		{AAE1CED0-FF74-4E38-99C1-2ECAE85566F1}.Test|arm64.ActiveCfg = Debug|Any CPU
		{AAE1CED0-FF74-4E38-99C1-2ECAE85566F1}.Test|arm64.Build.0 = Debug|Any CPU
		{AAE1CED0-FF74-4E38-99C1-2ECAE85566F1}.Test|x64.ActiveCfg = Debug|Any CPU
		{AAE1CED0-FF74-4E38-99C1-2ECAE85566F1}.Test|x64.Build.0 = Debug|Any CPU
		{AAE1CED0-FF74-4E38-99C1-2ECAE85566F1}.Test|x86.ActiveCfg = Debug|Any CPU
		{AAE1CED0-FF74-4E38-99C1-2ECAE85566F1}.Test|x86.Build.0 = Debug|Any CPU
	EndGlobalSection
	GlobalSection(SolutionProperties) = preSolution
		HideSolutionNode = FALSE
	EndGlobalSection
	GlobalSection(NestedProjects) = preSolution
		{D8AFEF17-7257-46A9-977C-89BFE412FA34} = {AFE945E7-67F5-424B-86F8-0F144B3E7907}
		{72109028-3FC1-45B1-929C-035CD11FB1C8} = {AFE945E7-67F5-424B-86F8-0F144B3E7907}
	EndGlobalSection
	GlobalSection(ExtensibilityGlobals) = postSolution
		SolutionGuid = {DE4E765E-F0E1-40F9-B11E-522639F217CA}
	EndGlobalSection
	GlobalSection(SharedMSBuildProjectFiles) = preSolution
		SmartImage.App\SmartImage.App.Shared\SmartImage.App.Shared.projitems*{6279c845-92f8-4333-ab99-3d213163593c}*SharedItemsImports = 13
		SmartImage.App\SmartImage.App.Shared\SmartImage.App.Shared.projitems*{72109028-3fc1-45b1-929c-035cd11fb1c8}*SharedItemsImports = 5
		SmartImage.App\SmartImage.App.Shared\SmartImage.App.Shared.projitems*{d8afef17-7257-46a9-977c-89bfe412fa34}*SharedItemsImports = 5
	EndGlobalSection
EndGlobal
